
Microsoft Visual Studio Solution File, Format Version 12.00
# Visual Studio 14
VisualStudioVersion = 14.0.25420.1
MinimumVisualStudioVersion = 10.0.40219.1
Project("{FAE04EC0-301F-11D3-BF4B-00C04F79EFBC}") = "DemoQuanLyThuVien", "DemoQuanLyThuVien.csproj", "{A72ACB73-067B-4133-BC0E-0C581AF03346}"
EndProject
Project("{FAE04EC0-301F-11D3-BF4B-00C04F79EFBC}") = "TestQLTV", "TestQLTV\TestQLTV.csproj", "{65431526-95C6-48A8-9FE4-1E7DBF8FE371}"
EndProject
Global
	GlobalSection(SolutionConfigurationPlatforms) = preSolution
		Debug|Any CPU = Debug|Any CPU
		Debug|x86 = Debug|x86
		Release|Any CPU = Release|Any CPU
		Release|x86 = Release|x86
	EndGlobalSection
	GlobalSection(ProjectConfigurationPlatforms) = postSolution
		{A72ACB73-067B-4133-BC0E-0C581AF03346}.Debug|Any CPU.ActiveCfg = Debug|x86
		{A72ACB73-067B-4133-BC0E-0C581AF03346}.Debug|x86.ActiveCfg = Debug|x86
		{A72ACB73-067B-4133-BC0E-0C581AF03346}.Debug|x86.Build.0 = Debug|x86
		{A72ACB73-067B-4133-BC0E-0C581AF03346}.Release|Any CPU.ActiveCfg = Release|x86
		{A72ACB73-067B-4133-BC0E-0C581AF03346}.Release|x86.ActiveCfg = Release|x86
		{A72ACB73-067B-4133-BC0E-0C581AF03346}.Release|x86.Build.0 = Release|x86
		{65431526-95C6-48A8-9FE4-1E7DBF8FE371}.Debug|Any CPU.ActiveCfg = Debug|Any CPU
		{65431526-95C6-48A8-9FE4-1E7DBF8FE371}.Debug|Any CPU.Build.0 = Debug|Any CPU
		{65431526-95C6-48A8-9FE4-1E7DBF8FE371}.Debug|x86.ActiveCfg = Debug|Any CPU
		{65431526-95C6-48A8-9FE4-1E7DBF8FE371}.Debug|x86.Build.0 = Debug|Any CPU
		{65431526-95C6-48A8-9FE4-1E7DBF8FE371}.Release|Any CPU.ActiveCfg = Release|Any CPU
		{65431526-95C6-48A8-9FE4-1E7DBF8FE371}.Release|Any CPU.Build.0 = Release|Any CPU
		{65431526-95C6-48A8-9FE4-1E7DBF8FE371}.Release|x86.ActiveCfg = Release|Any CPU
		{65431526-95C6-48A8-9FE4-1E7DBF8FE371}.Release|x86.Build.0 = Release|Any CPU
	EndGlobalSection
	GlobalSection(SolutionProperties) = preSolution
		HideSolutionNode = FALSE
	EndGlobalSection
EndGlobal
